{
  "version": 4,
  "terraform_version": "1.14.3",
  "serial": 13,
  "lineage": "6cbeccb6-0c78-7ca3-76fb-f4f76823b103",
  "outputs": {},
  "resources": [
    {
      "mode": "managed",
      "type": "google_compute_instance",
      "name": "vm_name",
      "provider": "provider[\"registry.terraform.io/hashicorp/google\"]",
      "instances": [
        {
          "schema_version": 6,
          "attributes": {
            "advanced_machine_features": [],
            "allow_stopping_for_update": null,
            "attached_disk": [],
            "boot_disk": [
              {
                "auto_delete": true,
                "device_name": "persistent-disk-0",
                "disk_encryption_key_raw": "",
                "disk_encryption_key_rsa": "",
                "disk_encryption_key_sha256": "",
                "disk_encryption_service_account": "",
                "force_attach": false,
                "guest_os_features": [
                  "VIRTIO_SCSI_MULTIQUEUE",
                  "SEV_CAPABLE",
                  "SEV_SNP_CAPABLE",
                  "SEV_LIVE_MIGRATABLE",
                  "SEV_LIVE_MIGRATABLE_V2",
                  "IDPF",
                  "TDX_CAPABLE",
                  "UEFI_COMPATIBLE",
                  "GVNIC"
                ],
                "initialize_params": [
                  {
                    "architecture": "X86_64",
                    "enable_confidential_compute": false,
                    "image": "https://www.googleapis.com/compute/v1/projects/ubuntu-os-cloud/global/images/ubuntu-2204-jammy-v20251218",
                    "labels": {},
                    "provisioned_iops": 0,
                    "provisioned_throughput": 0,
                    "resource_manager_tags": null,
                    "resource_policies": [],
                    "size": 10,
                    "snapshot": "",
                    "source_image_encryption_key": [],
                    "source_snapshot_encryption_key": [],
                    "storage_pool": "",
                    "type": "pd-standard"
                  }
                ],
                "interface": "",
                "kms_key_self_link": "",
                "mode": "READ_WRITE",
                "source": "https://www.googleapis.com/compute/v1/projects/august-list-482711-p6/zones/asia-south1-a/disks/test-naveen-vm"
              }
            ],
            "can_ip_forward": false,
            "confidential_instance_config": [],
            "cpu_platform": "Intel Broadwell",
            "creation_timestamp": "2026-01-01T23:07:26.825-08:00",
            "current_status": "RUNNING",
            "deletion_protection": false,
            "description": "",
            "desired_status": null,
            "effective_labels": {
              "goog-terraform-provisioned": "true"
            },
            "enable_display": false,
            "guest_accelerator": [],
            "hostname": "",
            "id": "projects/august-list-482711-p6/zones/asia-south1-a/instances/test-naveen-vm",
            "instance_encryption_key": [],
            "instance_id": "633661920112201793",
            "key_revocation_action_type": "",
            "label_fingerprint": "vezUS-42LLM=",
            "labels": null,
            "machine_type": "e2-micro",
            "metadata": null,
            "metadata_fingerprint": "Hu7qNKLPNIE=",
            "metadata_startup_script": null,
            "min_cpu_platform": "",
            "name": "test-naveen-vm",
            "network_interface": [
              {
                "access_config": [],
                "alias_ip_range": [],
                "internal_ipv6_prefix_length": 0,
                "ipv6_access_config": [],
                "ipv6_access_type": "",
                "ipv6_address": "",
                "name": "nic0",
                "network": "https://www.googleapis.com/compute/v1/projects/august-list-482711-p6/global/networks/test-naveen-vpc",
                "network_attachment": "",
                "network_ip": "10.0.1.2",
                "nic_type": "",
                "queue_count": 0,
                "stack_type": "IPV4_ONLY",
                "subnetwork": "https://www.googleapis.com/compute/v1/projects/august-list-482711-p6/regions/asia-south1/subnetworks/test-private-subnet",
                "subnetwork_project": "august-list-482711-p6"
              }
            ],
            "network_performance_config": [],
            "params": [],
            "project": "august-list-482711-p6",
            "reservation_affinity": [],
            "resource_policies": null,
            "scheduling": [
              {
                "automatic_restart": true,
                "availability_domain": 0,
                "instance_termination_action": "",
                "local_ssd_recovery_timeout": [],
                "max_run_duration": [],
                "min_node_cpus": 0,
                "node_affinities": [],
                "on_host_maintenance": "MIGRATE",
                "on_instance_stop_action": [],
                "preemptible": false,
                "provisioning_model": "STANDARD",
                "termination_time": ""
              }
            ],
            "scratch_disk": [],
            "self_link": "https://www.googleapis.com/compute/v1/projects/august-list-482711-p6/zones/asia-south1-a/instances/test-naveen-vm",
            "service_account": [],
            "shielded_instance_config": [
              {
                "enable_integrity_monitoring": true,
                "enable_secure_boot": false,
                "enable_vtpm": true
              }
            ],
            "tags": null,
            "tags_fingerprint": "42WmSpB8rSM=",
            "terraform_labels": {
              "goog-terraform-provisioned": "true"
            },
            "timeouts": null,
            "zone": "asia-south1-a"
          },
          "sensitive_attributes": [
            [
              {
                "type": "get_attr",
                "value": "boot_disk"
              },
              {
                "type": "index",
                "value": {
                  "value": 0,
                  "type": "number"
                }
              },
              {
                "type": "get_attr",
                "value": "disk_encryption_key_raw"
              }
            ],
            [
              {
                "type": "get_attr",
                "value": "boot_disk"
              },
              {
                "type": "index",
                "value": {
                  "value": 0,
                  "type": "number"
                }
              },
              {
                "type": "get_attr",
                "value": "disk_encryption_key_rsa"
              }
            ]
          ],
          "identity_schema_version": 0,
          "private": "eyJlMmJmYjczMC1lY2FhLTExZTYtOGY4OC0zNDM2M2JjN2M0YzAiOnsiY3JlYXRlIjoxMjAwMDAwMDAwMDAwLCJkZWxldGUiOjEyMDAwMDAwMDAwMDAsInVwZGF0ZSI6MTIwMDAwMDAwMDAwMH0sInNjaGVtYV92ZXJzaW9uIjoiNiJ9",
          "dependencies": [
            "google_compute_network.vpc_name",
            "google_compute_subnetwork.private_subnet"
          ]
        }
      ]
    },
    {
      "mode": "managed",
      "type": "google_compute_network",
      "name": "vpc_name",
      "provider": "provider[\"registry.terraform.io/hashicorp/google\"]",
      "instances": [
        {
          "schema_version": 0,
          "attributes": {
            "auto_create_subnetworks": false,
            "bgp_always_compare_med": false,
            "bgp_best_path_selection_mode": "LEGACY",
            "bgp_inter_region_cost": "",
            "delete_bgp_always_compare_med": false,
            "delete_default_routes_on_create": false,
            "description": "",
            "enable_ula_internal_ipv6": false,
            "gateway_ipv4": "",
            "id": "projects/august-list-482711-p6/global/networks/test-naveen-vpc",
            "internal_ipv6_range": "",
            "mtu": 1460,
            "name": "test-naveen-vpc",
            "network_firewall_policy_enforcement_order": "AFTER_CLASSIC_FIREWALL",
            "network_id": "494925882221850677",
            "network_profile": "",
            "numeric_id": "494925882221850677",
            "params": [],
            "project": "august-list-482711-p6",
            "routing_mode": "REGIONAL",
            "self_link": "https://www.googleapis.com/compute/v1/projects/august-list-482711-p6/global/networks/test-naveen-vpc",
            "timeouts": null
          },
          "sensitive_attributes": [],
          "identity_schema_version": 0,
          "private": "eyJlMmJmYjczMC1lY2FhLTExZTYtOGY4OC0zNDM2M2JjN2M0YzAiOnsiY3JlYXRlIjoxMjAwMDAwMDAwMDAwLCJkZWxldGUiOjEyMDAwMDAwMDAwMDAsInVwZGF0ZSI6MTIwMDAwMDAwMDAwMH19"
        }
      ]
    },
    {
      "mode": "managed",
      "type": "google_compute_subnetwork",
      "name": "private_subnet",
      "provider": "provider[\"registry.terraform.io/hashicorp/google\"]",
      "instances": [
        {
          "schema_version": 0,
          "attributes": {
            "creation_timestamp": "2026-01-01T21:08:19.684-08:00",
            "description": "",
            "external_ipv6_prefix": "",
            "fingerprint": null,
            "gateway_address": "10.0.1.1",
            "id": "projects/august-list-482711-p6/regions/asia-south1/subnetworks/test-private-subnet",
            "internal_ipv6_prefix": "",
            "ip_cidr_range": "10.0.1.0/24",
            "ip_collection": null,
            "ipv6_access_type": "",
            "ipv6_cidr_range": "",
            "ipv6_gce_endpoint": "",
            "log_config": [],
            "name": "test-private-subnet",
            "network": "https://www.googleapis.com/compute/v1/projects/august-list-482711-p6/global/networks/test-naveen-vpc",
            "params": [],
            "private_ip_google_access": false,
            "private_ipv6_google_access": "DISABLE_GOOGLE_ACCESS",
            "project": "august-list-482711-p6",
            "purpose": "PRIVATE",
            "region": "asia-south1",
            "reserved_internal_range": "",
            "role": "",
            "secondary_ip_range": [],
            "self_link": "https://www.googleapis.com/compute/v1/projects/august-list-482711-p6/regions/asia-south1/subnetworks/test-private-subnet",
            "send_secondary_ip_range_if_empty": null,
            "stack_type": "IPV4_ONLY",
            "state": "",
            "subnetwork_id": 8508358623376370732,
            "timeouts": null
          },
          "sensitive_attributes": [],
          "identity_schema_version": 0,
          "private": "eyJlMmJmYjczMC1lY2FhLTExZTYtOGY4OC0zNDM2M2JjN2M0YzAiOnsiY3JlYXRlIjoxMjAwMDAwMDAwMDAwLCJkZWxldGUiOjEyMDAwMDAwMDAwMDAsInVwZGF0ZSI6MTIwMDAwMDAwMDAwMH19",
          "dependencies": [
            "google_compute_network.vpc_name"
          ]
        }
      ]
    },
    {
      "mode": "managed",
      "type": "google_compute_subnetwork",
      "name": "subnet_name",
      "provider": "provider[\"registry.terraform.io/hashicorp/google\"]",
      "instances": [
        {
          "schema_version": 0,
          "attributes": {
            "creation_timestamp": "2026-01-01T20:51:53.372-08:00",
            "description": "",
            "external_ipv6_prefix": "",
            "fingerprint": null,
            "gateway_address": "10.2.0.1",
            "id": "projects/august-list-482711-p6/regions/asia-south1/subnetworks/test-naveen-subnet1",
            "internal_ipv6_prefix": "",
            "ip_cidr_range": "10.2.0.0/16",
            "ip_collection": null,
            "ipv6_access_type": "",
            "ipv6_cidr_range": "",
            "ipv6_gce_endpoint": "",
            "log_config": [],
            "name": "test-naveen-subnet1",
            "network": "https://www.googleapis.com/compute/v1/projects/august-list-482711-p6/global/networks/test-naveen-vpc",
            "params": [],
            "private_ip_google_access": false,
            "private_ipv6_google_access": "DISABLE_GOOGLE_ACCESS",
            "project": "august-list-482711-p6",
            "purpose": "PRIVATE",
            "region": "asia-south1",
            "reserved_internal_range": "",
            "role": "",
            "secondary_ip_range": [],
            "self_link": "https://www.googleapis.com/compute/v1/projects/august-list-482711-p6/regions/asia-south1/subnetworks/test-naveen-subnet1",
            "send_secondary_ip_range_if_empty": null,
            "stack_type": "IPV4_ONLY",
            "state": "",
            "subnetwork_id": 2050750344651796486,
            "timeouts": null
          },
          "sensitive_attributes": [],
          "identity_schema_version": 0,
          "private": "eyJlMmJmYjczMC1lY2FhLTExZTYtOGY4OC0zNDM2M2JjN2M0YzAiOnsiY3JlYXRlIjoxMjAwMDAwMDAwMDAwLCJkZWxldGUiOjEyMDAwMDAwMDAwMDAsInVwZGF0ZSI6MTIwMDAwMDAwMDAwMH19",
          "dependencies": [
            "google_compute_network.vpc_name"
          ]
        }
      ]
    },
    {
      "mode": "managed",
      "type": "google_compute_subnetwork",
      "name": "subnet_name2",
      "provider": "provider[\"registry.terraform.io/hashicorp/google\"]",
      "instances": [
        {
          "schema_version": 0,
          "attributes": {
            "creation_timestamp": "2026-01-01T21:08:19.287-08:00",
            "description": "",
            "external_ipv6_prefix": "",
            "fingerprint": null,
            "gateway_address": "10.3.0.1",
            "id": "projects/august-list-482711-p6/regions/asia-south1/subnetworks/test-naveen-subnet2",
            "internal_ipv6_prefix": "",
            "ip_cidr_range": "10.3.0.0/16",
            "ip_collection": null,
            "ipv6_access_type": "",
            "ipv6_cidr_range": "",
            "ipv6_gce_endpoint": "",
            "log_config": [],
            "name": "test-naveen-subnet2",
            "network": "https://www.googleapis.com/compute/v1/projects/august-list-482711-p6/global/networks/test-naveen-vpc",
            "params": [],
            "private_ip_google_access": false,
            "private_ipv6_google_access": "DISABLE_GOOGLE_ACCESS",
            "project": "august-list-482711-p6",
            "purpose": "PRIVATE",
            "region": "asia-south1",
            "reserved_internal_range": "",
            "role": "",
            "secondary_ip_range": [],
            "self_link": "https://www.googleapis.com/compute/v1/projects/august-list-482711-p6/regions/asia-south1/subnetworks/test-naveen-subnet2",
            "send_secondary_ip_range_if_empty": null,
            "stack_type": "IPV4_ONLY",
            "state": "",
            "subnetwork_id": 701677825370549292,
            "timeouts": null
          },
          "sensitive_attributes": [],
          "identity_schema_version": 0,
          "private": "eyJlMmJmYjczMC1lY2FhLTExZTYtOGY4OC0zNDM2M2JjN2M0YzAiOnsiY3JlYXRlIjoxMjAwMDAwMDAwMDAwLCJkZWxldGUiOjEyMDAwMDAwMDAwMDAsInVwZGF0ZSI6MTIwMDAwMDAwMDAwMH19",
          "dependencies": [
            "google_compute_network.vpc_name"
          ]
        }
      ]
    }
  ],
  "check_results": null
}
